
Microsoft Visual Studio Solution File, Format Version 12.00
# Visual Studio Version 17
VisualStudioVersion = 17.5.33424.131
MinimumVisualStudioVersion = 10.0.40219.1
Project("{FAE04EC0-301F-11D3-BF4B-00C04F79EFBC}") = "Blocks.API", "Api\Blocks.API.csproj", "{878C40B6-00EF-4905-9FEC-1A96DE7167CA}"
EndProject
Project("{FAE04EC0-301F-11D3-BF4B-00C04F79EFBC}") = "Domain", "Domain\Domain.csproj", "{7C4D6DA4-3FDC-4FE5-9BEE-CC9E2F9BE6E9}"
EndProject
Project("{FAE04EC0-301F-11D3-BF4B-00C04F79EFBC}") = "Infrastructure", "Infrastructure\Infrastructure.csproj", "{7B409C5A-D577-4DB9-9364-724855E0F17B}"
EndProject
Project("{2150E333-8FDC-42A3-9474-1A3956D46DE8}") = "Solution Items", "Solution Items", "{05CD07BA-EC4C-4ADB-AF67-A4068EB26E8E}"
	ProjectSection(SolutionItems) = preProject
		README.md = README.md
	EndProjectSection
EndProject
Global
	GlobalSection(SolutionConfigurationPlatforms) = preSolution
		Debug|Any CPU = Debug|Any CPU
		Release|Any CPU = Release|Any CPU
	EndGlobalSection
	GlobalSection(ProjectConfigurationPlatforms) = postSolution
		{878C40B6-00EF-4905-9FEC-1A96DE7167CA}.Debug|Any CPU.ActiveCfg = Debug|Any CPU
		{878C40B6-00EF-4905-9FEC-1A96DE7167CA}.Debug|Any CPU.Build.0 = Debug|Any CPU
		{878C40B6-00EF-4905-9FEC-1A96DE7167CA}.Release|Any CPU.ActiveCfg = Release|Any CPU
		{878C40B6-00EF-4905-9FEC-1A96DE7167CA}.Release|Any CPU.Build.0 = Release|Any CPU
		{7C4D6DA4-3FDC-4FE5-9BEE-CC9E2F9BE6E9}.Debug|Any CPU.ActiveCfg = Debug|Any CPU
		{7C4D6DA4-3FDC-4FE5-9BEE-CC9E2F9BE6E9}.Debug|Any CPU.Build.0 = Debug|Any CPU
		{7C4D6DA4-3FDC-4FE5-9BEE-CC9E2F9BE6E9}.Release|Any CPU.ActiveCfg = Release|Any CPU
		{7C4D6DA4-3FDC-4FE5-9BEE-CC9E2F9BE6E9}.Release|Any CPU.Build.0 = Release|Any CPU
		{7B409C5A-D577-4DB9-9364-724855E0F17B}.Debug|Any CPU.ActiveCfg = Debug|Any CPU
		{7B409C5A-D577-4DB9-9364-724855E0F17B}.Debug|Any CPU.Build.0 = Debug|Any CPU
		{7B409C5A-D577-4DB9-9364-724855E0F17B}.Release|Any CPU.ActiveCfg = Release|Any CPU
		{7B409C5A-D577-4DB9-9364-724855E0F17B}.Release|Any CPU.Build.0 = Release|Any CPU
	EndGlobalSection
	GlobalSection(SolutionProperties) = preSolution
		HideSolutionNode = FALSE
	EndGlobalSection
	GlobalSection(ExtensibilityGlobals) = postSolution
		SolutionGuid = {12846549-C76F-4642-96F6-A7BDE9D2935E}
	EndGlobalSection
EndGlobal
